{
  "name": "hello-world-typescript",
  "version": "1.0.0",
  "lockfileVersion": 2,
  "requires": true,
  "packages": {
    "": {
      "version": "1.0.0",
      "dependencies": {
        "airplane": "^0.0.3"
      },
      "devDependencies": {
        "@types/node": "^14.14.35"
      }
    },
    "node_modules/@types/node": {
      "version": "14.14.35",
      "resolved": "https://registry.npmjs.org/@types/node/-/node-14.14.35.tgz",
      "integrity": "sha512-Lt+wj8NVPx0zUmUwumiVXapmaLUcAk3yPuHCFVXras9k5VT9TdhJqKqGVUQCD60OTMCl0qxJ57OiTL0Mic3Iag==",
      "dev": true
    },
    "node_modules/airplane": {
      "version": "0.0.3",
      "resolved": "https://registry.npmjs.org/airplane/-/airplane-0.0.3.tgz",
      "integrity": "sha512-MHS22dUhBoRN7uudFq/Dks7FX8cP9seXjDd5WkC3hfOyx8tY9jMioum4i8yOw4kJyS6Tlu0G2WTZ9rL0Navhig==",
      "license": "MIT"
    }
  },
  "dependencies": {
    "@types/node": {
      "version": "14.14.35",
      "resolved": "https://registry.npmjs.org/@types/node/-/node-14.14.35.tgz",
      "integrity": "sha512-Lt+wj8NVPx0zUmUwumiVXapmaLUcAk3yPuHCFVXras9k5VT9TdhJqKqGVUQCD60OTMCl0qxJ57OiTL0Mic3Iag==",
      "dev": true
    },
    "airplane": {
      "version": "0.0.3",
      "resolved": "https://registry.npmjs.org/airplane/-/airplane-0.0.3.tgz",
      "integrity": "sha512-MHS22dUhBoRN7uudFq/Dks7FX8cP9seXjDd5WkC3hfOyx8tY9jMioum4i8yOw4kJyS6Tlu0G2WTZ9rL0Navhig=="
    }
  }
}
